
Microsoft Visual Studio Solution File, Format Version 12.00
# Visual Studio Version 16
VisualStudioVersion = 16.0.33423.256
MinimumVisualStudioVersion = 10.0.40219.1
Project("{FAE04EC0-301F-11D3-BF4B-00C04F79EFBC}") = "Funktiot Lämpötila muunnin", "Funktiot Lämpötila muunnin\Funktiot Lämpötila muunnin.csproj", "{4F034775-7FD5-4544-B637-206995420E0F}"
EndProject
Global
	GlobalSection(SolutionConfigurationPlatforms) = preSolution
		Debug|Any CPU = Debug|Any CPU
		Release|Any CPU = Release|Any CPU
	EndGlobalSection
	GlobalSection(ProjectConfigurationPlatforms) = postSolution
		{4F034775-7FD5-4544-B637-206995420E0F}.Debug|Any CPU.ActiveCfg = Debug|Any CPU
		{4F034775-7FD5-4544-B637-206995420E0F}.Debug|Any CPU.Build.0 = Debug|Any CPU
		{4F034775-7FD5-4544-B637-206995420E0F}.Release|Any CPU.ActiveCfg = Release|Any CPU
		{4F034775-7FD5-4544-B637-206995420E0F}.Release|Any CPU.Build.0 = Release|Any CPU
	EndGlobalSection
	GlobalSection(SolutionProperties) = preSolution
		HideSolutionNode = FALSE
	EndGlobalSection
	GlobalSection(ExtensibilityGlobals) = postSolution
		SolutionGuid = {0EFC1C9F-12B2-4353-A869-6F2376863BE6}
	EndGlobalSection
EndGlobal
