
Microsoft Visual Studio Solution File, Format Version 12.00
# Visual Studio Version 16
VisualStudioVersion = 16.0.33423.256
MinimumVisualStudioVersion = 10.0.40219.1
Project("{FAE04EC0-301F-11D3-BF4B-00C04F79EFBC}") = "Bensanskulutus Uusi1", "Bensanskulutus Uusi1\Bensanskulutus Uusi1.csproj", "{7349F31E-CB72-467A-9FDA-3ED690E3F85F}"
EndProject
Global
	GlobalSection(SolutionConfigurationPlatforms) = preSolution
		Debug|Any CPU = Debug|Any CPU
		Release|Any CPU = Release|Any CPU
	EndGlobalSection
	GlobalSection(ProjectConfigurationPlatforms) = postSolution
		{7349F31E-CB72-467A-9FDA-3ED690E3F85F}.Debug|Any CPU.ActiveCfg = Debug|Any CPU
		{7349F31E-CB72-467A-9FDA-3ED690E3F85F}.Debug|Any CPU.Build.0 = Debug|Any CPU
		{7349F31E-CB72-467A-9FDA-3ED690E3F85F}.Release|Any CPU.ActiveCfg = Release|Any CPU
		{7349F31E-CB72-467A-9FDA-3ED690E3F85F}.Release|Any CPU.Build.0 = Release|Any CPU
	EndGlobalSection
	GlobalSection(SolutionProperties) = preSolution
		HideSolutionNode = FALSE
	EndGlobalSection
	GlobalSection(ExtensibilityGlobals) = postSolution
		SolutionGuid = {B7984549-0632-4075-A3D6-30F8354722B6}
	EndGlobalSection
EndGlobal
